
Microsoft Visual Studio Solution File, Format Version 12.00
# Visual Studio 15
VisualStudioVersion = 15.0.26124.0
MinimumVisualStudioVersion = 15.0.26124.0
Project("{FAE04EC0-301F-11D3-BF4B-00C04F79EFBC}") = "GraphAlgorithms", "Application\GraphAlgorithms.csproj", "{4CF5F4B3-F43F-4BBD-BFE9-9FDE416A3E8E}"
EndProject
Project("{FAE04EC0-301F-11D3-BF4B-00C04F79EFBC}") = "Tests", "Tests\Tests.csproj", "{48DAA6BF-B8B5-4027-918B-7F19BA85643C}"
EndProject
Global
	GlobalSection(SolutionConfigurationPlatforms) = preSolution
		Debug|Any CPU = Debug|Any CPU
		Debug|x64 = Debug|x64
		Debug|x86 = Debug|x86
		Release|Any CPU = Release|Any CPU
		Release|x64 = Release|x64
		Release|x86 = Release|x86
	EndGlobalSection
	GlobalSection(SolutionProperties) = preSolution
		HideSolutionNode = FALSE
	EndGlobalSection
	GlobalSection(ProjectConfigurationPlatforms) = postSolution
		{4CF5F4B3-F43F-4BBD-BFE9-9FDE416A3E8E}.Debug|Any CPU.ActiveCfg = Debug|Any CPU
		{4CF5F4B3-F43F-4BBD-BFE9-9FDE416A3E8E}.Debug|Any CPU.Build.0 = Debug|Any CPU
		{4CF5F4B3-F43F-4BBD-BFE9-9FDE416A3E8E}.Debug|x64.ActiveCfg = Debug|Any CPU
		{4CF5F4B3-F43F-4BBD-BFE9-9FDE416A3E8E}.Debug|x64.Build.0 = Debug|Any CPU
		{4CF5F4B3-F43F-4BBD-BFE9-9FDE416A3E8E}.Debug|x86.ActiveCfg = Debug|Any CPU
		{4CF5F4B3-F43F-4BBD-BFE9-9FDE416A3E8E}.Debug|x86.Build.0 = Debug|Any CPU
		{4CF5F4B3-F43F-4BBD-BFE9-9FDE416A3E8E}.Release|Any CPU.ActiveCfg = Release|Any CPU
		{4CF5F4B3-F43F-4BBD-BFE9-9FDE416A3E8E}.Release|Any CPU.Build.0 = Release|Any CPU
		{4CF5F4B3-F43F-4BBD-BFE9-9FDE416A3E8E}.Release|x64.ActiveCfg = Release|Any CPU
		{4CF5F4B3-F43F-4BBD-BFE9-9FDE416A3E8E}.Release|x64.Build.0 = Release|Any CPU
		{4CF5F4B3-F43F-4BBD-BFE9-9FDE416A3E8E}.Release|x86.ActiveCfg = Release|Any CPU
		{4CF5F4B3-F43F-4BBD-BFE9-9FDE416A3E8E}.Release|x86.Build.0 = Release|Any CPU
		{48DAA6BF-B8B5-4027-918B-7F19BA85643C}.Debug|Any CPU.ActiveCfg = Debug|Any CPU
		{48DAA6BF-B8B5-4027-918B-7F19BA85643C}.Debug|Any CPU.Build.0 = Debug|Any CPU
		{48DAA6BF-B8B5-4027-918B-7F19BA85643C}.Debug|x64.ActiveCfg = Debug|Any CPU
		{48DAA6BF-B8B5-4027-918B-7F19BA85643C}.Debug|x64.Build.0 = Debug|Any CPU
		{48DAA6BF-B8B5-4027-918B-7F19BA85643C}.Debug|x86.ActiveCfg = Debug|Any CPU
		{48DAA6BF-B8B5-4027-918B-7F19BA85643C}.Debug|x86.Build.0 = Debug|Any CPU
		{48DAA6BF-B8B5-4027-918B-7F19BA85643C}.Release|Any CPU.ActiveCfg = Release|Any CPU
		{48DAA6BF-B8B5-4027-918B-7F19BA85643C}.Release|Any CPU.Build.0 = Release|Any CPU
		{48DAA6BF-B8B5-4027-918B-7F19BA85643C}.Release|x64.ActiveCfg = Release|Any CPU
		{48DAA6BF-B8B5-4027-918B-7F19BA85643C}.Release|x64.Build.0 = Release|Any CPU
		{48DAA6BF-B8B5-4027-918B-7F19BA85643C}.Release|x86.ActiveCfg = Release|Any CPU
		{48DAA6BF-B8B5-4027-918B-7F19BA85643C}.Release|x86.Build.0 = Release|Any CPU
	EndGlobalSection
EndGlobal
